{
  "version": 1,
  "dependencies": {
    "net10.0": {
      "Expecto": {
        "type": "Direct",
        "requested": "[10.2.3, )",
        "resolved": "10.2.3",
        "contentHash": "mwGOvtkKfMwakKeONwWYy5RgnO7Ijx/THt50GHh8mkSPySVOW/BsOppHzNwby45uaO6X0IKpqS76BrlYgOqcIg==",
        "dependencies": {
          "FSharp.Core": "7.0.200",
          "Mono.Cecil": "[0.11.4, 1.0.0)"
        }
      },
      "Expecto.FsCheck": {
        "type": "Direct",
        "requested": "[10.2.3, )",
        "resolved": "10.2.3",
        "contentHash": "97ZwoxLIvxyG0fU806nvFbW2uMQFTqi2wpCfPfKasySfIpdf41zERtRiUSZtp1q8fY3uK9mN42dmJsUcL2IrcA==",
        "dependencies": {
          "Expecto": "10.2.3",
          "FsCheck": "[2.16.5, 3.0.0)"
        }
      },
      "FsCheck": {
        "type": "Direct",
        "requested": "[2.16.6, )",
        "resolved": "2.16.6",
        "contentHash": "8yQlt7HgoigIXIoe7ZouNh551rypxp4WtQnqBlpB9a7gf4IkpdMSnEzsnJS/gFmeNtIf9hEJ37celeCq/6FuHA==",
        "dependencies": {
          "FSharp.Core": "4.2.3"
        }
      },
      "FSharp.Core": {
        "type": "Direct",
        "requested": "[10.1.301, )",
        "resolved": "10.1.301",
        "contentHash": "excLf2zM/qUB3WhRUfI0xvOOaPwcRAEdYT/BXe9eiTKySnWVuIKMQTf5+6ETy5nsb1dpLp1s2j2yAM/XcRgFMg=="
      },
      "Mono.Cecil": {
        "type": "Transitive",
        "resolved": "0.11.4",
        "contentHash": "IC1h5g0NeJGHIUgzM1P82ld57knhP0IcQfrYITDPXlNpMYGUrsG5TxuaWTjaeqDNQMBDNZkB8L0rBnwsY6JHuQ=="
      },
      "fogell.domain": {
        "type": "Project",
        "dependencies": {
          "FSharp.Core": "[10.1.301, )"
        }
      }
    }
  }
}