{
  "version": 1,
  "dependencies": {
    "net10.0": {
      "FSharp.Core": {
        "type": "Direct",
        "requested": "[10.1.301, )",
        "resolved": "10.1.301",
        "contentHash": "FwQFuqOA1+qQnFl6Vqg6piS83ZRuKJqXJQxOM52M5tNarT2XQ/pMvw8fOOlnhcOYvdZyje2PJ8rK/J64ZI729Q=="
      },
      "FParsec": {
        "type": "Transitive",
        "resolved": "1.1.1",
        "contentHash": "Wdjf/gCNLEwd+0nUCDh9jAIIcKGwfhRramySTnTcVVgNC6i4Vp5aJklUJJfvFkEZMYNZEDGcI8pCa36/TmwmSg==",
        "dependencies": {
          "FSharp.Core": "4.3.4"
        }
      },
      "Npgsql": {
        "type": "Transitive",
        "resolved": "8.0.5",
        "contentHash": "zRG5V8cyeZLpzJlKzFKjEwkRMYIYnHWJvEor2lWXeccS2E1G2nIWYYhnukB51iz5XsWSVEtqg3AxTWM0QJ6vfg=="
      },
      "fogell.admission": {
        "type": "Project",
        "dependencies": {
          "FSharp.Core": "[10.1.301, )",
          "Fogell.Ir": "[1.0.0, )"
        }
      },
      "fogell.controller.api": {
        "type": "Project",
        "dependencies": {
          "FSharp.Core": "[10.1.301, )",
          "Fogell.Differential": "[1.0.0, )",
          "Fogell.Pipeline.Parser": "[1.0.0, )",
          "Fogell.Store": "[1.0.0, )"
        }
      },
      "fogell.differential": {
        "type": "Project",
        "dependencies": {
          "FSharp.Core": "[10.1.301, )",
          "Fogell.Execution": "[1.0.0, )",
          "Fogell.Groovy.Interpreter": "[1.0.0, )",
          "Fogell.Groovy.Parser": "[1.0.0, )",
          "Fogell.Pipeline.Parser": "[1.0.0, )"
        }
      },
      "fogell.domain": {
        "type": "Project",
        "dependencies": {
          "FSharp.Core": "[10.1.301, )"
        }
      },
      "fogell.execution": {
        "type": "Project",
        "dependencies": {
          "FSharp.Core": "[10.1.301, )",
          "Fogell.Admission": "[1.0.0, )",
          "Fogell.Domain": "[1.0.0, )"
        }
      },
      "fogell.groovy": {
        "type": "Project",
        "dependencies": {
          "FSharp.Core": "[10.1.301, )",
          "Fogell.Ir": "[1.0.0, )"
        }
      },
      "fogell.groovy.interpreter": {
        "type": "Project",
        "dependencies": {
          "FSharp.Core": "[10.1.301, )",
          "Fogell.Admission": "[1.0.0, )",
          "Fogell.Groovy": "[1.0.0, )"
        }
      },
      "fogell.groovy.parser": {
        "type": "Project",
        "dependencies": {
          "FParsec": "[1.1.1, )",
          "FSharp.Core": "[10.1.301, )",
          "Fogell.Admission": "[1.0.0, )",
          "Fogell.Groovy": "[1.0.0, )"
        }
      },
      "fogell.ir": {
        "type": "Project",
        "dependencies": {
          "FSharp.Core": "[10.1.301, )",
          "Fogell.Domain": "[1.0.0, )"
        }
      },
      "fogell.journal": {
        "type": "Project",
        "dependencies": {
          "FSharp.Core": "[10.1.301, )",
          "Fogell.Domain": "[1.0.0, )"
        }
      },
      "fogell.pipeline.parser": {
        "type": "Project",
        "dependencies": {
          "FParsec": "[1.1.1, )",
          "FSharp.Core": "[10.1.301, )",
          "Fogell.Admission": "[1.0.0, )",
          "Fogell.Groovy.Parser": "[1.0.0, )",
          "Fogell.Ir": "[1.0.0, )"
        }
      },
      "fogell.store": {
        "type": "Project",
        "dependencies": {
          "FSharp.Core": "[10.1.301, )",
          "Fogell.Domain": "[1.0.0, )",
          "Npgsql": "[8.0.5, )"
        }
      }
    }
  }
}